{
  "name": "c",
  "version": "1.0.0",
  "lockfileVersion": 1,
  "requires": true,
  "dependencies": {
    "css": {
      "version": "2.2.4",
      "resolved": "https://registry.npm.taobao.org/css/download/css-2.2.4.tgz",
      "integrity": "sha1-xkZ1XHOXHyu6amAeLPL9cbEpiSk="
    },
    "images": {
      "version": "3.0.2",
      "resolved": "https://registry.npm.taobao.org/images/download/images-3.0.2.tgz",
      "integrity": "sha1-QMk/AkAmJQyykZ8xkkoWZjN6VEo="
    }
  }
}
